{
  "version": 4,
  "terraform_version": "1.14.6",
  "serial": 26,
  "lineage": "b6f7ed33-6478-c3c0-ffdd-eeb116ac685d",
  "outputs": {
    "ip_sync01": {
      "value": "10.13.1.5 (Acesso via Tailscale)",
      "type": "string"
    },
    "rdp_dc01": {
      "value": "mstsc /v:9.205.155.226",
      "type": "string"
    }
  },
  "resources": [
    {
      "mode": "managed",
      "type": "azurerm_network_interface",
      "name": "nics",
      "provider": "provider[\"registry.terraform.io/hashicorp/azurerm\"]",
      "instances": [
        {
          "index_key": "dc01",
          "schema_version": 0,
          "attributes": {
            "accelerated_networking_enabled": false,
            "applied_dns_servers": [],
            "auxiliary_mode": "",
            "auxiliary_sku": "",
            "dns_servers": [],
            "edge_zone": "",
            "enable_accelerated_networking": false,
            "enable_ip_forwarding": false,
            "id": "/subscriptions/8c8a1deb-2cbc-4c51-a177-87b874d44923/resourceGroups/RG-COM-CAS-013/providers/Microsoft.Network/networkInterfaces/nic-dc01-013",
            "internal_dns_name_label": "",
            "internal_domain_name_suffix": "q2dnoysq0ime3g34velljjxsyc.cphx.internal.cloudapp.net",
            "ip_configuration": [
              {
                "gateway_load_balancer_frontend_ip_configuration_id": "",
                "name": "internal",
                "primary": true,
                "private_ip_address": "10.13.1.4",
                "private_ip_address_allocation": "Static",
                "private_ip_address_version": "IPv4",
                "public_ip_address_id": "/subscriptions/8c8a1deb-2cbc-4c51-a177-87b874d44923/resourceGroups/RG-COM-CAS-013/providers/Microsoft.Network/publicIPAddresses/pip-dc-013",
                "subnet_id": "/subscriptions/8c8a1deb-2cbc-4c51-a177-87b874d44923/resourceGroups/RG-COM-CAS-013/providers/Microsoft.Network/virtualNetworks/vnet-013/subnets/snet-identity"
              }
            ],
            "ip_forwarding_enabled": false,
            "location": "denmarkeast",
            "mac_address": "7C-ED-8D-6A-86-97",
            "name": "nic-dc01-013",
            "private_ip_address": "10.13.1.4",
            "private_ip_addresses": [
              "10.13.1.4"
            ],
            "resource_group_name": "RG-COM-CAS-013",
            "tags": {},
            "timeouts": null,
            "virtual_machine_id": "/subscriptions/8c8a1deb-2cbc-4c51-a177-87b874d44923/resourceGroups/RG-COM-CAS-013/providers/Microsoft.Compute/virtualMachines/fiqueok-dc01"
          },
          "sensitive_attributes": [],
          "identity_schema_version": 0,
          "private": "eyJlMmJmYjczMC1lY2FhLTExZTYtOGY4OC0zNDM2M2JjN2M0YzAiOnsiY3JlYXRlIjoxODAwMDAwMDAwMDAwLCJkZWxldGUiOjE4MDAwMDAwMDAwMDAsInJlYWQiOjMwMDAwMDAwMDAwMCwidXBkYXRlIjoxODAwMDAwMDAwMDAwfX0=",
          "dependencies": [
            "azurerm_public_ip.pip_dc",
            "azurerm_resource_group.rg",
            "azurerm_subnet.subnet",
            "azurerm_virtual_network.vnet"
          ]
        },
        {
          "index_key": "sync01",
          "schema_version": 0,
          "attributes": {
            "accelerated_networking_enabled": false,
            "applied_dns_servers": [],
            "auxiliary_mode": "",
            "auxiliary_sku": "",
            "dns_servers": [],
            "edge_zone": "",
            "enable_accelerated_networking": false,
            "enable_ip_forwarding": false,
            "id": "/subscriptions/8c8a1deb-2cbc-4c51-a177-87b874d44923/resourceGroups/RG-COM-CAS-013/providers/Microsoft.Network/networkInterfaces/nic-sync01-013",
            "internal_dns_name_label": "",
            "internal_domain_name_suffix": "q2dnoysq0ime3g34velljjxsyc.cphx.internal.cloudapp.net",
            "ip_configuration": [
              {
                "gateway_load_balancer_frontend_ip_configuration_id": "",
                "name": "internal",
                "primary": true,
                "private_ip_address": "10.13.1.5",
                "private_ip_address_allocation": "Static",
                "private_ip_address_version": "IPv4",
                "public_ip_address_id": "",
                "subnet_id": "/subscriptions/8c8a1deb-2cbc-4c51-a177-87b874d44923/resourceGroups/RG-COM-CAS-013/providers/Microsoft.Network/virtualNetworks/vnet-013/subnets/snet-identity"
              }
            ],
            "ip_forwarding_enabled": false,
            "location": "denmarkeast",
            "mac_address": "7C-ED-8D-6A-E4-56",
            "name": "nic-sync01-013",
            "private_ip_address": "10.13.1.5",
            "private_ip_addresses": [
              "10.13.1.5"
            ],
            "resource_group_name": "RG-COM-CAS-013",
            "tags": {},
            "timeouts": null,
            "virtual_machine_id": "/subscriptions/8c8a1deb-2cbc-4c51-a177-87b874d44923/resourceGroups/RG-COM-CAS-013/providers/Microsoft.Compute/virtualMachines/fiqueok-sync01"
          },
          "sensitive_attributes": [],
          "identity_schema_version": 0,
          "private": "eyJlMmJmYjczMC1lY2FhLTExZTYtOGY4OC0zNDM2M2JjN2M0YzAiOnsiY3JlYXRlIjoxODAwMDAwMDAwMDAwLCJkZWxldGUiOjE4MDAwMDAwMDAwMDAsInJlYWQiOjMwMDAwMDAwMDAwMCwidXBkYXRlIjoxODAwMDAwMDAwMDAwfX0=",
          "dependencies": [
            "azurerm_public_ip.pip_dc",
            "azurerm_resource_group.rg",
            "azurerm_subnet.subnet",
            "azurerm_virtual_network.vnet"
          ]
        }
      ]
    },
    {
      "mode": "managed",
      "type": "azurerm_network_interface_security_group_association",
      "name": "assoc",
      "provider": "provider[\"registry.terraform.io/hashicorp/azurerm\"]",
      "instances": [
        {
          "index_key": "dc01",
          "schema_version": 0,
          "attributes": {
            "id": "/subscriptions/8c8a1deb-2cbc-4c51-a177-87b874d44923/resourceGroups/RG-COM-CAS-013/providers/Microsoft.Network/networkInterfaces/nic-dc01-013|/subscriptions/8c8a1deb-2cbc-4c51-a177-87b874d44923/resourceGroups/RG-COM-CAS-013/providers/Microsoft.Network/networkSecurityGroups/nsg-013",
            "network_interface_id": "/subscriptions/8c8a1deb-2cbc-4c51-a177-87b874d44923/resourceGroups/RG-COM-CAS-013/providers/Microsoft.Network/networkInterfaces/nic-dc01-013",
            "network_security_group_id": "/subscriptions/8c8a1deb-2cbc-4c51-a177-87b874d44923/resourceGroups/RG-COM-CAS-013/providers/Microsoft.Network/networkSecurityGroups/nsg-013",
            "timeouts": null
          },
          "sensitive_attributes": [],
          "identity_schema_version": 0,
          "private": "eyJlMmJmYjczMC1lY2FhLTExZTYtOGY4OC0zNDM2M2JjN2M0YzAiOnsiY3JlYXRlIjoxODAwMDAwMDAwMDAwLCJkZWxldGUiOjE4MDAwMDAwMDAwMDAsInJlYWQiOjMwMDAwMDAwMDAwMH19",
          "dependencies": [
            "azurerm_network_interface.nics",
            "azurerm_network_security_group.nsg",
            "azurerm_public_ip.pip_dc",
            "azurerm_resource_group.rg",
            "azurerm_subnet.subnet",
            "azurerm_virtual_network.vnet"
          ]
        },
        {
          "index_key": "sync01",
          "schema_version": 0,
          "attributes": {
            "id": "/subscriptions/8c8a1deb-2cbc-4c51-a177-87b874d44923/resourceGroups/RG-COM-CAS-013/providers/Microsoft.Network/networkInterfaces/nic-sync01-013|/subscriptions/8c8a1deb-2cbc-4c51-a177-87b874d44923/resourceGroups/RG-COM-CAS-013/providers/Microsoft.Network/networkSecurityGroups/nsg-013",
            "network_interface_id": "/subscriptions/8c8a1deb-2cbc-4c51-a177-87b874d44923/resourceGroups/RG-COM-CAS-013/providers/Microsoft.Network/networkInterfaces/nic-sync01-013",
            "network_security_group_id": "/subscriptions/8c8a1deb-2cbc-4c51-a177-87b874d44923/resourceGroups/RG-COM-CAS-013/providers/Microsoft.Network/networkSecurityGroups/nsg-013",
            "timeouts": null
          },
          "sensitive_attributes": [],
          "identity_schema_version": 0,
          "private": "eyJlMmJmYjczMC1lY2FhLTExZTYtOGY4OC0zNDM2M2JjN2M0YzAiOnsiY3JlYXRlIjoxODAwMDAwMDAwMDAwLCJkZWxldGUiOjE4MDAwMDAwMDAwMDAsInJlYWQiOjMwMDAwMDAwMDAwMH19",
          "dependencies": [
            "azurerm_network_interface.nics",
            "azurerm_network_security_group.nsg",
            "azurerm_public_ip.pip_dc",
            "azurerm_resource_group.rg",
            "azurerm_subnet.subnet",
            "azurerm_virtual_network.vnet"
          ]
        }
      ]
    },
    {
      "mode": "managed",
      "type": "azurerm_network_security_group",
      "name": "nsg",
      "provider": "provider[\"registry.terraform.io/hashicorp/azurerm\"]",
      "instances": [
        {
          "schema_version": 0,
          "attributes": {
            "id": "/subscriptions/8c8a1deb-2cbc-4c51-a177-87b874d44923/resourceGroups/RG-COM-CAS-013/providers/Microsoft.Network/networkSecurityGroups/nsg-013",
            "location": "denmarkeast",
            "name": "nsg-013",
            "resource_group_name": "RG-COM-CAS-013",
            "security_rule": [
              {
                "access": "Allow",
                "description": "",
                "destination_address_prefix": "*",
                "destination_address_prefixes": [],
                "destination_application_security_group_ids": [],
                "destination_port_range": "*",
                "destination_port_ranges": [],
                "direction": "Inbound",
                "name": "Allow-Tailscale",
                "priority": 120,
                "protocol": "*",
                "source_address_prefix": "xxx.xxx.xxx.xxx/10",
                "source_address_prefixes": [],
                "source_application_security_group_ids": [],
                "source_port_range": "*",
                "source_port_ranges": []
              },
              {
                "access": "Allow",
                "description": "",
                "destination_address_prefix": "*",
                "destination_address_prefixes": [],
                "destination_application_security_group_ids": [],
                "destination_port_range": "3389",
                "destination_port_ranges": [],
                "direction": "Inbound",
                "name": "Allow-RDP-MyIP",
                "priority": 100,
                "protocol": "Tcp",
                "source_address_prefix": "177.172.97.191/32",
                "source_address_prefixes": [],
                "source_application_security_group_ids": [],
                "source_port_range": "*",
                "source_port_ranges": []
              }
            ],
            "tags": {},
            "timeouts": null
          },
          "sensitive_attributes": [],
          "identity_schema_version": 0,
          "private": "eyJlMmJmYjczMC1lY2FhLTExZTYtOGY4OC0zNDM2M2JjN2M0YzAiOnsiY3JlYXRlIjoxODAwMDAwMDAwMDAwLCJkZWxldGUiOjE4MDAwMDAwMDAwMDAsInJlYWQiOjMwMDAwMDAwMDAwMCwidXBkYXRlIjoxODAwMDAwMDAwMDAwfX0=",
          "dependencies": [
            "azurerm_resource_group.rg"
          ]
        }
      ]
    },
    {
      "mode": "managed",
      "type": "azurerm_public_ip",
      "name": "pip_dc",
      "provider": "provider[\"registry.terraform.io/hashicorp/azurerm\"]",
      "instances": [
        {
          "schema_version": 0,
          "attributes": {
            "allocation_method": "Static",
            "ddos_protection_mode": "VirtualNetworkInherited",
            "ddos_protection_plan_id": null,
            "domain_name_label": null,
            "edge_zone": "",
            "fqdn": null,
            "id": "/subscriptions/8c8a1deb-2cbc-4c51-a177-87b874d44923/resourceGroups/RG-COM-CAS-013/providers/Microsoft.Network/publicIPAddresses/pip-dc-013",
            "idle_timeout_in_minutes": 4,
            "ip_address": "9.205.155.226",
            "ip_tags": {},
            "ip_version": "IPv4",
            "location": "denmarkeast",
            "name": "pip-dc-013",
            "public_ip_prefix_id": null,
            "resource_group_name": "RG-COM-CAS-013",
            "reverse_fqdn": null,
            "sku": "Standard",
            "sku_tier": "Regional",
            "tags": {},
            "timeouts": null,
            "zones": []
          },
          "sensitive_attributes": [],
          "identity_schema_version": 0,
          "private": "eyJlMmJmYjczMC1lY2FhLTExZTYtOGY4OC0zNDM2M2JjN2M0YzAiOnsiY3JlYXRlIjoxODAwMDAwMDAwMDAwLCJkZWxldGUiOjE4MDAwMDAwMDAwMDAsInJlYWQiOjMwMDAwMDAwMDAwMCwidXBkYXRlIjoxODAwMDAwMDAwMDAwfX0=",
          "dependencies": [
            "azurerm_resource_group.rg"
          ]
        }
      ]
    },
    {
      "mode": "managed",
      "type": "azurerm_resource_group",
      "name": "rg",
      "provider": "provider[\"registry.terraform.io/hashicorp/azurerm\"]",
      "instances": [
        {
          "schema_version": 0,
          "attributes": {
            "id": "/subscriptions/8c8a1deb-2cbc-4c51-a177-87b874d44923/resourceGroups/RG-COM-CAS-013",
            "location": "denmarkeast",
            "managed_by": "",
            "name": "RG-COM-CAS-013",
            "tags": {
              "brain_path": "10_Projetos/013",
              "projeto": "013-ad-cloud-sync"
            },
            "timeouts": null
          },
          "sensitive_attributes": [],
          "identity_schema_version": 0,
          "private": "eyJlMmJmYjczMC1lY2FhLTExZTYtOGY4OC0zNDM2M2JjN2M0YzAiOnsiY3JlYXRlIjo1NDAwMDAwMDAwMDAwLCJkZWxldGUiOjU0MDAwMDAwMDAwMDAsInJlYWQiOjMwMDAwMDAwMDAwMCwidXBkYXRlIjo1NDAwMDAwMDAwMDAwfX0="
        }
      ]
    },
    {
      "mode": "managed",
      "type": "azurerm_subnet",
      "name": "subnet",
      "provider": "provider[\"registry.terraform.io/hashicorp/azurerm\"]",
      "instances": [
        {
          "schema_version": 0,
          "attributes": {
            "address_prefixes": [
              "10.13.1.0/24"
            ],
            "default_outbound_access_enabled": true,
            "delegation": [],
            "enforce_private_link_endpoint_network_policies": false,
            "enforce_private_link_service_network_policies": false,
            "id": "/subscriptions/8c8a1deb-2cbc-4c51-a177-87b874d44923/resourceGroups/RG-COM-CAS-013/providers/Microsoft.Network/virtualNetworks/vnet-013/subnets/snet-identity",
            "name": "snet-identity",
            "private_endpoint_network_policies": "Enabled",
            "private_endpoint_network_policies_enabled": true,
            "private_link_service_network_policies_enabled": true,
            "resource_group_name": "RG-COM-CAS-013",
            "service_endpoint_policy_ids": [],
            "service_endpoints": [],
            "timeouts": null,
            "virtual_network_name": "vnet-013"
          },
          "sensitive_attributes": [],
          "identity_schema_version": 0,
          "private": "eyJlMmJmYjczMC1lY2FhLTExZTYtOGY4OC0zNDM2M2JjN2M0YzAiOnsiY3JlYXRlIjoxODAwMDAwMDAwMDAwLCJkZWxldGUiOjE4MDAwMDAwMDAwMDAsInJlYWQiOjMwMDAwMDAwMDAwMCwidXBkYXRlIjoxODAwMDAwMDAwMDAwfX0=",
          "dependencies": [
            "azurerm_resource_group.rg",
            "azurerm_virtual_network.vnet"
          ]
        }
      ]
    },
    {
      "mode": "managed",
      "type": "azurerm_virtual_machine_extension",
      "name": "tailscale",
      "provider": "provider[\"registry.terraform.io/hashicorp/azurerm\"]",
      "instances": [
        {
          "index_key": "dc01",
          "schema_version": 0,
          "attributes": {
            "auto_upgrade_minor_version": false,
            "automatic_upgrade_enabled": false,
            "failure_suppression_enabled": false,
            "id": "/subscriptions/8c8a1deb-2cbc-4c51-a177-87b874d44923/resourceGroups/RG-COM-CAS-013/providers/Microsoft.Compute/virtualMachines/fiqueok-dc01/extensions/install-tailscale",
            "name": "install-tailscale",
            "protected_settings": "{\"commandToExecute\":\"powershell -Command \\\"[Net.ServicePointManager]::SecurityProtocol = [Net.SecurityProtocolType]::Tls12; Invoke-WebRequest -Uri 'https://pkgs.tailscale.com/stable/tailscale-setup-latest-amd64.msi' -OutFile 'C:\\\\tailscale.msi'; Start-Process msiexec -ArgumentList '/i C:\\\\tailscale.msi /quiet' -Wait; \\u0026 'C:\\\\Program Files\\\\Tailscale\\\\tailscale.exe' up --authkey=tskey-auth-k5scHmNbmE11CNTRL-dGYx7PY2MnfZKhXuouhSnfMoyhj12DatN --unattended\\\"\"}",
            "protected_settings_from_key_vault": [],
            "provision_after_extensions": [],
            "publisher": "Microsoft.Compute",
            "settings": null,
            "tags": {},
            "timeouts": null,
            "type": "CustomScriptExtension",
            "type_handler_version": "1.10",
            "virtual_machine_id": "/subscriptions/8c8a1deb-2cbc-4c51-a177-87b874d44923/resourceGroups/RG-COM-CAS-013/providers/Microsoft.Compute/virtualMachines/fiqueok-dc01"
          },
          "sensitive_attributes": [
            [
              {
                "type": "get_attr",
                "value": "protected_settings"
              }
            ]
          ],
          "identity_schema_version": 0,
          "private": "eyJlMmJmYjczMC1lY2FhLTExZTYtOGY4OC0zNDM2M2JjN2M0YzAiOnsiY3JlYXRlIjoxODAwMDAwMDAwMDAwLCJkZWxldGUiOjE4MDAwMDAwMDAwMDAsInJlYWQiOjMwMDAwMDAwMDAwMCwidXBkYXRlIjoxODAwMDAwMDAwMDAwfX0=",
          "dependencies": [
            "azurerm_network_interface.nics",
            "azurerm_public_ip.pip_dc",
            "azurerm_resource_group.rg",
            "azurerm_subnet.subnet",
            "azurerm_virtual_network.vnet",
            "azurerm_windows_virtual_machine.vm"
          ]
        },
        {
          "index_key": "sync01",
          "schema_version": 0,
          "attributes": {
            "auto_upgrade_minor_version": false,
            "automatic_upgrade_enabled": false,
            "failure_suppression_enabled": false,
            "id": "/subscriptions/8c8a1deb-2cbc-4c51-a177-87b874d44923/resourceGroups/RG-COM-CAS-013/providers/Microsoft.Compute/virtualMachines/fiqueok-sync01/extensions/install-tailscale",
            "name": "install-tailscale",
            "protected_settings": "{\"commandToExecute\":\"powershell -Command \\\"[Net.ServicePointManager]::SecurityProtocol = [Net.SecurityProtocolType]::Tls12; Invoke-WebRequest -Uri 'https://pkgs.tailscale.com/stable/tailscale-setup-latest-amd64.msi' -OutFile 'C:\\\\tailscale.msi'; Start-Process msiexec -ArgumentList '/i C:\\\\tailscale.msi /quiet' -Wait; \\u0026 'C:\\\\Program Files\\\\Tailscale\\\\tailscale.exe' up --authkey=tskey-auth-k5scHmNbmE11CNTRL-dGYx7PY2MnfZKhXuouhSnfMoyhj12DatN --unattended\\\"\"}",
            "protected_settings_from_key_vault": [],
            "provision_after_extensions": [],
            "publisher": "Microsoft.Compute",
            "settings": null,
            "tags": {},
            "timeouts": null,
            "type": "CustomScriptExtension",
            "type_handler_version": "1.10",
            "virtual_machine_id": "/subscriptions/8c8a1deb-2cbc-4c51-a177-87b874d44923/resourceGroups/RG-COM-CAS-013/providers/Microsoft.Compute/virtualMachines/fiqueok-sync01"
          },
          "sensitive_attributes": [
            [
              {
                "type": "get_attr",
                "value": "protected_settings"
              }
            ]
          ],
          "identity_schema_version": 0,
          "private": "eyJlMmJmYjczMC1lY2FhLTExZTYtOGY4OC0zNDM2M2JjN2M0YzAiOnsiY3JlYXRlIjoxODAwMDAwMDAwMDAwLCJkZWxldGUiOjE4MDAwMDAwMDAwMDAsInJlYWQiOjMwMDAwMDAwMDAwMCwidXBkYXRlIjoxODAwMDAwMDAwMDAwfX0=",
          "dependencies": [
            "azurerm_network_interface.nics",
            "azurerm_public_ip.pip_dc",
            "azurerm_resource_group.rg",
            "azurerm_subnet.subnet",
            "azurerm_virtual_network.vnet",
            "azurerm_windows_virtual_machine.vm"
          ]
        }
      ]
    },
    {
      "mode": "managed",
      "type": "azurerm_virtual_network",
      "name": "vnet",
      "provider": "provider[\"registry.terraform.io/hashicorp/azurerm\"]",
      "instances": [
        {
          "schema_version": 0,
          "attributes": {
            "address_space": [
              "10.13.0.0/16"
            ],
            "bgp_community": "",
            "ddos_protection_plan": [],
            "dns_servers": [
              "10.13.1.4",
              "168.63.129.16"
            ],
            "edge_zone": "",
            "encryption": [],
            "flow_timeout_in_minutes": 0,
            "guid": "62d70687-d250-4e18-9bbe-a916b4a6f2c2",
            "id": "/subscriptions/8c8a1deb-2cbc-4c51-a177-87b874d44923/resourceGroups/RG-COM-CAS-013/providers/Microsoft.Network/virtualNetworks/vnet-013",
            "location": "denmarkeast",
            "name": "vnet-013",
            "resource_group_name": "RG-COM-CAS-013",
            "subnet": [
              {
                "address_prefix": "10.13.1.0/24",
                "id": "/subscriptions/8c8a1deb-2cbc-4c51-a177-87b874d44923/resourceGroups/RG-COM-CAS-013/providers/Microsoft.Network/virtualNetworks/vnet-013/subnets/snet-identity",
                "name": "snet-identity",
                "security_group": ""
              }
            ],
            "tags": {},
            "timeouts": null
          },
          "sensitive_attributes": [],
          "identity_schema_version": 0,
          "private": "eyJlMmJmYjczMC1lY2FhLTExZTYtOGY4OC0zNDM2M2JjN2M0YzAiOnsiY3JlYXRlIjoxODAwMDAwMDAwMDAwLCJkZWxldGUiOjE4MDAwMDAwMDAwMDAsInJlYWQiOjMwMDAwMDAwMDAwMCwidXBkYXRlIjoxODAwMDAwMDAwMDAwfX0=",
          "dependencies": [
            "azurerm_resource_group.rg"
          ]
        }
      ]
    },
    {
      "mode": "managed",
      "type": "azurerm_windows_virtual_machine",
      "name": "vm",
      "provider": "provider[\"registry.terraform.io/hashicorp/azurerm\"]",
      "instances": [
        {
          "index_key": "dc01",
          "schema_version": 0,
          "attributes": {
            "additional_capabilities": [],
            "additional_unattend_content": [],
            "admin_password": "RosaDpds@2025!",
            "admin_username": "fiqueokadmin",
            "allow_extension_operations": true,
            "availability_set_id": "",
            "boot_diagnostics": [],
            "bypass_platform_safety_checks_on_user_schedule_enabled": false,
            "capacity_reservation_group_id": "",
            "computer_name": "fiqueok-dc01",
            "custom_data": null,
            "dedicated_host_group_id": "",
            "dedicated_host_id": "",
            "disk_controller_type": "SCSI",
            "edge_zone": "",
            "enable_automatic_updates": true,
            "encryption_at_host_enabled": false,
            "eviction_policy": "",
            "extensions_time_budget": "PT1H30M",
            "gallery_application": [],
            "hotpatching_enabled": false,
            "id": "/subscriptions/8c8a1deb-2cbc-4c51-a177-87b874d44923/resourceGroups/RG-COM-CAS-013/providers/Microsoft.Compute/virtualMachines/fiqueok-dc01",
            "identity": [],
            "license_type": "",
            "location": "denmarkeast",
            "max_bid_price": -1,
            "name": "fiqueok-dc01",
            "network_interface_ids": [
              "/subscriptions/8c8a1deb-2cbc-4c51-a177-87b874d44923/resourceGroups/RG-COM-CAS-013/providers/Microsoft.Network/networkInterfaces/nic-dc01-013"
            ],
            "os_disk": [
              {
                "caching": "ReadWrite",
                "diff_disk_settings": [],
                "disk_encryption_set_id": "",
                "disk_size_gb": 127,
                "name": "fiqueok-dc01_OsDisk_1_3d0b968753384e3b9464d2cb7e8cb5da",
                "secure_vm_disk_encryption_set_id": "",
                "security_encryption_type": "",
                "storage_account_type": "StandardSSD_LRS",
                "write_accelerator_enabled": false
              }
            ],
            "os_image_notification": [],
            "patch_assessment_mode": "ImageDefault",
            "patch_mode": "AutomaticByOS",
            "plan": [],
            "platform_fault_domain": -1,
            "priority": "Regular",
            "private_ip_address": "10.13.1.4",
            "private_ip_addresses": [
              "10.13.1.4"
            ],
            "provision_vm_agent": true,
            "proximity_placement_group_id": "",
            "public_ip_address": "9.205.155.226",
            "public_ip_addresses": [
              "9.205.155.226"
            ],
            "reboot_setting": "",
            "resource_group_name": "RG-COM-CAS-013",
            "secret": [],
            "secure_boot_enabled": false,
            "size": "Standard_B2ms",
            "source_image_id": "",
            "source_image_reference": [
              {
                "offer": "WindowsServer",
                "publisher": "MicrosoftWindowsServer",
                "sku": "2022-Datacenter-azure-edition",
                "version": "latest"
              }
            ],
            "tags": {},
            "termination_notification": [],
            "timeouts": null,
            "timezone": "",
            "user_data": "",
            "virtual_machine_id": "8eaf9042-9932-481f-973c-ac6c9f31eddf",
            "virtual_machine_scale_set_id": "",
            "vm_agent_platform_updates_enabled": true,
            "vtpm_enabled": false,
            "winrm_listener": [],
            "zone": ""
          },
          "sensitive_attributes": [
            [
              {
                "type": "get_attr",
                "value": "admin_password"
              }
            ],
            [
              {
                "type": "get_attr",
                "value": "custom_data"
              }
            ]
          ],
          "identity_schema_version": 0,
          "private": "eyJlMmJmYjczMC1lY2FhLTExZTYtOGY4OC0zNDM2M2JjN2M0YzAiOnsiY3JlYXRlIjoyNzAwMDAwMDAwMDAwLCJkZWxldGUiOjI3MDAwMDAwMDAwMDAsInJlYWQiOjMwMDAwMDAwMDAwMCwidXBkYXRlIjoyNzAwMDAwMDAwMDAwfX0=",
          "dependencies": [
            "azurerm_network_interface.nics",
            "azurerm_public_ip.pip_dc",
            "azurerm_resource_group.rg",
            "azurerm_subnet.subnet",
            "azurerm_virtual_network.vnet"
          ]
        },
        {
          "index_key": "sync01",
          "status": "tainted",
          "schema_version": 0,
          "attributes": {
            "additional_capabilities": [],
            "additional_unattend_content": [],
            "admin_password": "RosaDpds@2025!",
            "admin_username": "fiqueokadmin",
            "allow_extension_operations": true,
            "availability_set_id": "",
            "boot_diagnostics": [],
            "bypass_platform_safety_checks_on_user_schedule_enabled": false,
            "capacity_reservation_group_id": "",
            "computer_name": "fiqueok-sync01",
            "custom_data": null,
            "dedicated_host_group_id": "",
            "dedicated_host_id": "",
            "disk_controller_type": "SCSI",
            "edge_zone": "",
            "enable_automatic_updates": true,
            "encryption_at_host_enabled": false,
            "eviction_policy": "",
            "extensions_time_budget": "PT1H30M",
            "gallery_application": [],
            "hotpatching_enabled": false,
            "id": "/subscriptions/8c8a1deb-2cbc-4c51-a177-87b874d44923/resourceGroups/RG-COM-CAS-013/providers/Microsoft.Compute/virtualMachines/fiqueok-sync01",
            "identity": [],
            "license_type": "",
            "location": "denmarkeast",
            "max_bid_price": -1,
            "name": "fiqueok-sync01",
            "network_interface_ids": [
              "/subscriptions/8c8a1deb-2cbc-4c51-a177-87b874d44923/resourceGroups/RG-COM-CAS-013/providers/Microsoft.Network/networkInterfaces/nic-sync01-013"
            ],
            "os_disk": [
              {
                "caching": "ReadWrite",
                "diff_disk_settings": [],
                "disk_encryption_set_id": "",
                "disk_size_gb": 127,
                "name": "fiqueok-sync01_OsDisk_1_08247b11313f416a9ebbb1d3f03449c7",
                "secure_vm_disk_encryption_set_id": "",
                "security_encryption_type": "",
                "storage_account_type": "StandardSSD_LRS",
                "write_accelerator_enabled": false
              }
            ],
            "os_image_notification": [],
            "patch_assessment_mode": "ImageDefault",
            "patch_mode": "AutomaticByOS",
            "plan": [],
            "platform_fault_domain": -1,
            "priority": "Regular",
            "private_ip_address": "10.13.1.5",
            "private_ip_addresses": [
              "10.13.1.5"
            ],
            "provision_vm_agent": true,
            "proximity_placement_group_id": "",
            "public_ip_address": "",
            "public_ip_addresses": [],
            "reboot_setting": "",
            "resource_group_name": "RG-COM-CAS-013",
            "secret": [],
            "secure_boot_enabled": false,
            "size": "Standard_B2s",
            "source_image_id": "",
            "source_image_reference": [
              {
                "offer": "WindowsServer",
                "publisher": "MicrosoftWindowsServer",
                "sku": "2022-Datacenter-azure-edition",
                "version": "latest"
              }
            ],
            "tags": {},
            "termination_notification": [],
            "timeouts": null,
            "timezone": "",
            "user_data": "",
            "virtual_machine_id": "44ef5c9e-6a2f-4c47-9ac5-c46359e16253",
            "virtual_machine_scale_set_id": "",
            "vm_agent_platform_updates_enabled": true,
            "vtpm_enabled": false,
            "winrm_listener": [],
            "zone": ""
          },
          "sensitive_attributes": [
            [
              {
                "type": "get_attr",
                "value": "admin_password"
              }
            ],
            [
              {
                "type": "get_attr",
                "value": "custom_data"
              }
            ]
          ],
          "identity_schema_version": 0,
          "private": "eyJlMmJmYjczMC1lY2FhLTExZTYtOGY4OC0zNDM2M2JjN2M0YzAiOnsiY3JlYXRlIjoyNzAwMDAwMDAwMDAwLCJkZWxldGUiOjI3MDAwMDAwMDAwMDAsInJlYWQiOjMwMDAwMDAwMDAwMCwidXBkYXRlIjoyNzAwMDAwMDAwMDAwfX0=",
          "dependencies": [
            "azurerm_network_interface.nics",
            "azurerm_public_ip.pip_dc",
            "azurerm_resource_group.rg",
            "azurerm_subnet.subnet",
            "azurerm_virtual_network.vnet"
          ]
        }
      ]
    }
  ],
  "check_results": null
}

